
Microsoft Visual Studio Solution File, Format Version 12.00
# Visual Studio Version 17
VisualStudioVersion = 17.3.32519.111
MinimumVisualStudioVersion = 10.0.40219.1
Project("{2150E333-8FDC-42A3-9474-1A3956D46DE8}") = "Solution Items", "Solution Items", "{C4027C95-E5D0-4766-A5C1-D44DBB73E908}"
	ProjectSection(SolutionItems) = preProject
		.editorconfig = .editorconfig
		Directory.build.props = Directory.build.props
		Directory.build.targets = Directory.build.targets
	EndProjectSection
EndProject
Project("{FAE04EC0-301F-11D3-BF4B-00C04F79EFBC}") = "MauiAppx", "Source\MauiAppx\MauiAppx.csproj", "{650F0FF5-396A-4B68-94F0-2EE002D13579}"
EndProject
Project("{FAE04EC0-301F-11D3-BF4B-00C04F79EFBC}") = "Maui.Toolkit", "Source\Maui.Toolkit\Maui.Toolkit.csproj", "{5B1A5634-C1EF-4131-A79C-86EF5F789157}"
EndProject
Global
	GlobalSection(SolutionConfigurationPlatforms) = preSolution
		Debug|Any CPU = Debug|Any CPU
		Release|Any CPU = Release|Any CPU
	EndGlobalSection
	GlobalSection(ProjectConfigurationPlatforms) = postSolution
		{650F0FF5-396A-4B68-94F0-2EE002D13579}.Debug|Any CPU.ActiveCfg = Debug|Any CPU
		{650F0FF5-396A-4B68-94F0-2EE002D13579}.Debug|Any CPU.Build.0 = Debug|Any CPU
		{650F0FF5-396A-4B68-94F0-2EE002D13579}.Debug|Any CPU.Deploy.0 = Debug|Any CPU
		{650F0FF5-396A-4B68-94F0-2EE002D13579}.Release|Any CPU.ActiveCfg = Release|Any CPU
		{650F0FF5-396A-4B68-94F0-2EE002D13579}.Release|Any CPU.Build.0 = Release|Any CPU
		{650F0FF5-396A-4B68-94F0-2EE002D13579}.Release|Any CPU.Deploy.0 = Release|Any CPU
		{5B1A5634-C1EF-4131-A79C-86EF5F789157}.Debug|Any CPU.ActiveCfg = Debug|Any CPU
		{5B1A5634-C1EF-4131-A79C-86EF5F789157}.Debug|Any CPU.Build.0 = Debug|Any CPU
		{5B1A5634-C1EF-4131-A79C-86EF5F789157}.Release|Any CPU.ActiveCfg = Release|Any CPU
		{5B1A5634-C1EF-4131-A79C-86EF5F789157}.Release|Any CPU.Build.0 = Release|Any CPU
	EndGlobalSection
	GlobalSection(SolutionProperties) = preSolution
		HideSolutionNode = FALSE
	EndGlobalSection
	GlobalSection(ExtensibilityGlobals) = postSolution
		SolutionGuid = {61B18811-9A6F-4DD9-BBE2-F1487B4579DC}
	EndGlobalSection
EndGlobal
